
Microsoft Visual Studio Solution File, Format Version 12.00
Project("{FAE04EC0-301F-11D3-BF4B-00C04F79EFBC}") = "rinha-backend-csharp", "src/rinha-backend-csharp.csproj", "{A904DC50-FB64-4B7D-A000-CDA6714113E6}"
EndProject
Project("{2150E333-8FDC-42A3-9474-1A3956D46DE8}") = "SolutionFolder", "SolutionFolder", "{F71D9499-217A-4887-9FBA-8412C03854F5}"
	ProjectSection(SolutionItems) = preProject
		docker-compose.yml = docker-compose.yml
		Dockerfile = Dockerfile
		init.sql = init.sql
		Makefile = Makefile
		nginx.conf = nginx.conf
		README.md = README.md
		TODO.txt = TODO.txt
		.github\workflows\on-push-to-main.yml = .github\workflows\on-push-to-main.yml
	EndProjectSection
EndProject
Global
	GlobalSection(SolutionConfigurationPlatforms) = preSolution
		Debug|Any CPU = Debug|Any CPU
		Release|Any CPU = Release|Any CPU
	EndGlobalSection
	GlobalSection(ProjectConfigurationPlatforms) = postSolution
		{A904DC50-FB64-4B7D-A000-CDA6714113E6}.Debug|Any CPU.ActiveCfg = Debug|Any CPU
		{A904DC50-FB64-4B7D-A000-CDA6714113E6}.Debug|Any CPU.Build.0 = Debug|Any CPU
		{A904DC50-FB64-4B7D-A000-CDA6714113E6}.Release|Any CPU.ActiveCfg = Release|Any CPU
		{A904DC50-FB64-4B7D-A000-CDA6714113E6}.Release|Any CPU.Build.0 = Release|Any CPU
	EndGlobalSection
EndGlobal
